
Microsoft Visual Studio Solution File, Format Version 12.00
Project("{FAE04EC0-301F-11D3-BF4B-00C04F79EFBC}") = "Week_5", "Week_5\Week_5.csproj", "{DDC40D9C-B21B-47A9-9BF1-BCD20CC415CA}"
EndProject
Global
	GlobalSection(SolutionConfigurationPlatforms) = preSolution
		Debug|Any CPU = Debug|Any CPU
		Release|Any CPU = Release|Any CPU
	EndGlobalSection
	GlobalSection(ProjectConfigurationPlatforms) = postSolution
		{DDC40D9C-B21B-47A9-9BF1-BCD20CC415CA}.Debug|Any CPU.ActiveCfg = Debug|Any CPU
		{DDC40D9C-B21B-47A9-9BF1-BCD20CC415CA}.Debug|Any CPU.Build.0 = Debug|Any CPU
		{DDC40D9C-B21B-47A9-9BF1-BCD20CC415CA}.Release|Any CPU.ActiveCfg = Release|Any CPU
		{DDC40D9C-B21B-47A9-9BF1-BCD20CC415CA}.Release|Any CPU.Build.0 = Release|Any CPU
	EndGlobalSection
EndGlobal
